
Microsoft Visual Studio Solution File, Format Version 12.00
# Visual Studio Version 16
VisualStudioVersion = 16.0.30104.148
MinimumVisualStudioVersion = 10.0.40219.1
Project("{FAE04EC0-301F-11D3-BF4B-00C04F79EFBC}") = "DictionaryServices", "DictionaryServices.csproj", "{55196BA6-7B5F-4A8E-B9A6-DB40A6427C5C}"
EndProject
Global
	GlobalSection(SolutionConfigurationPlatforms) = preSolution
		Debug|Any CPU = Debug|Any CPU
		Release|Any CPU = Release|Any CPU
	EndGlobalSection
	GlobalSection(ProjectConfigurationPlatforms) = postSolution
		{55196BA6-7B5F-4A8E-B9A6-DB40A6427C5C}.Debug|Any CPU.ActiveCfg = Debug|Any CPU
		{55196BA6-7B5F-4A8E-B9A6-DB40A6427C5C}.Debug|Any CPU.Build.0 = Debug|Any CPU
		{55196BA6-7B5F-4A8E-B9A6-DB40A6427C5C}.Release|Any CPU.ActiveCfg = Release|Any CPU
		{55196BA6-7B5F-4A8E-B9A6-DB40A6427C5C}.Release|Any CPU.Build.0 = Release|Any CPU
	EndGlobalSection
	GlobalSection(SolutionProperties) = preSolution
		HideSolutionNode = FALSE
	EndGlobalSection
	GlobalSection(ExtensibilityGlobals) = postSolution
		SolutionGuid = {651CC73B-3C01-44B2-8214-1E7D6D3DA5DB}
	EndGlobalSection
EndGlobal
